// !$*UTF8*$!
{
	archiveVersion = 1;
	classes = {
	};
	objectVersion = 56;
	objects = {

/* Begin PBXBuildFile section */
		783A56922D9898FE00105F37 /* NearbyAppApp.swift in Sources */ = {isa = PBXBuildFile; fileRef = 783A56912D9898FE00105F37 /* NearbyAppApp.swift */; };
		783A56942D9898FE00105F37 /* ContentView.swift in Sources */ = {isa = PBXBuildFile; fileRef = 783A56932D9898FE00105F37 /* ContentView.swift */; };
		783A56962D9898FF00105F37 /* Assets.xcassets in Resources */ = {isa = PBXBuildFile; fileRef = 783A56952D9898FF00105F37 /* Assets.xcassets */; };
		783A56992D9898FF00105F37 /* Preview Assets.xcassets in Resources */ = {isa = PBXBuildFile; fileRef = 783A56982D9898FF00105F37 /* Preview Assets.xcassets */; };
		783A56A42D98CCA500105F37 /* Colors.swift in Sources */ = {isa = PBXBuildFile; fileRef = 783A56A32D98CCA500105F37 /* Colors.swift */; };
		783A56A72D98D87500105F37 /* AppCoordinator.swift in Sources */ = {isa = PBXBuildFile; fileRef = 783A56A62D98D87500105F37 /* AppCoordinator.swift */; };
		783A56AD2D98DAB000105F37 /* SplashView.swift in Sources */ = {isa = PBXBuildFile; fileRef = 783A56AC2D98DAB000105F37 /* SplashView.swift */; };
		78DD3F9B2D99E18A001C317A /* Rubik-Italic.ttf in Resources */ = {isa = PBXBuildFile; fileRef = 78DD3F8D2D99E18A001C317A /* Rubik-Italic.ttf */; };
		78DD3F9C2D99E18A001C317A /* Rubik-ExtraBold.ttf in Resources */ = {isa = PBXBuildFile; fileRef = 78DD3F8E2D99E18A001C317A /* Rubik-ExtraBold.ttf */; };
		78DD3F9D2D99E18A001C317A /* Rubik-Regular.ttf in Resources */ = {isa = PBXBuildFile; fileRef = 78DD3F8F2D99E18A001C317A /* Rubik-Regular.ttf */; };
		78DD3F9E2D99E18A001C317A /* Rubik-Medium.ttf in Resources */ = {isa = PBXBuildFile; fileRef = 78DD3F902D99E18A001C317A /* Rubik-Medium.ttf */; };
		78DD3F9F2D99E18A001C317A /* Rubik-ExtraBoldItalic.ttf in Resources */ = {isa = PBXBuildFile; fileRef = 78DD3F912D99E18A001C317A /* Rubik-ExtraBoldItalic.ttf */; };
		78DD3FA02D99E18A001C317A /* Rubik-Bold.ttf in Resources */ = {isa = PBXBuildFile; fileRef = 78DD3F922D99E18A001C317A /* Rubik-Bold.ttf */; };
		78DD3FA12D99E18A001C317A /* Rubik-BlackItalic.ttf in Resources */ = {isa = PBXBuildFile; fileRef = 78DD3F932D99E18A001C317A /* Rubik-BlackItalic.ttf */; };
		78DD3FA22D99E18A001C317A /* Rubik-Black.ttf in Resources */ = {isa = PBXBuildFile; fileRef = 78DD3F942D99E18A001C317A /* Rubik-Black.ttf */; };
		78DD3FA32D99E18A001C317A /* Rubik-SemiBoldItalic.ttf in Resources */ = {isa = PBXBuildFile; fileRef = 78DD3F952D99E18A001C317A /* Rubik-SemiBoldItalic.ttf */; };
		78DD3FA42D99E18A001C317A /* Rubik-Light.ttf in Resources */ = {isa = PBXBuildFile; fileRef = 78DD3F962D99E18A001C317A /* Rubik-Light.ttf */; };
		78DD3FA52D99E18A001C317A /* Rubik-LightItalic.ttf in Resources */ = {isa = PBXBuildFile; fileRef = 78DD3F972D99E18A001C317A /* Rubik-LightItalic.ttf */; };
		78DD3FA62D99E18A001C317A /* Rubik-SemiBold.ttf in Resources */ = {isa = PBXBuildFile; fileRef = 78DD3F982D99E18A001C317A /* Rubik-SemiBold.ttf */; };
		78DD3FA72D99E18A001C317A /* Rubik-BoldItalic.ttf in Resources */ = {isa = PBXBuildFile; fileRef = 78DD3F992D99E18A001C317A /* Rubik-BoldItalic.ttf */; };
		78DD3FA82D99E18A001C317A /* Rubik-MediumItalic.ttf in Resources */ = {isa = PBXBuildFile; fileRef = 78DD3F9A2D99E18A001C317A /* Rubik-MediumItalic.ttf */; };
		78DD3FAB2D99E280001C317A /* Fonts.swift in Sources */ = {isa = PBXBuildFile; fileRef = 78DD3FAA2D99E280001C317A /* Fonts.swift */; };
		78F79EEC2D99A99700FC1616 /* TipsView.swift in Sources */ = {isa = PBXBuildFile; fileRef = 78F79EEB2D99A99700FC1616 /* TipsView.swift */; };
		78F79EEE2D99AD0400FC1616 /* WelcomeView.swift in Sources */ = {isa = PBXBuildFile; fileRef = 78F79EED2D99AD0400FC1616 /* WelcomeView.swift */; };
/* End PBXBuildFile section */

/* Begin PBXFileReference section */
		783A568E2D9898FE00105F37 /* NearbyApp.app */ = {isa = PBXFileReference; explicitFileType = wrapper.application; includeInIndex = 0; path = NearbyApp.app; sourceTree = BUILT_PRODUCTS_DIR; };
		783A56912D9898FE00105F37 /* NearbyAppApp.swift */ = {isa = PBXFileReference; lastKnownFileType = sourcecode.swift; path = NearbyAppApp.swift; sourceTree = "<group>"; };
		783A56932D9898FE00105F37 /* ContentView.swift */ = {isa = PBXFileReference; lastKnownFileType = sourcecode.swift; path = ContentView.swift; sourceTree = "<group>"; };
		783A56952D9898FF00105F37 /* Assets.xcassets */ = {isa = PBXFileReference; lastKnownFileType = folder.assetcatalog; path = Assets.xcassets; sourceTree = "<group>"; };
		783A56982D9898FF00105F37 /* Preview Assets.xcassets */ = {isa = PBXFileReference; lastKnownFileType = folder.assetcatalog; path = "Preview Assets.xcassets"; sourceTree = "<group>"; };
		783A56A32D98CCA500105F37 /* Colors.swift */ = {isa = PBXFileReference; lastKnownFileType = sourcecode.swift; path = Colors.swift; sourceTree = "<group>"; };
		783A56A62D98D87500105F37 /* AppCoordinator.swift */ = {isa = PBXFileReference; lastKnownFileType = sourcecode.swift; path = AppCoordinator.swift; sourceTree = "<group>"; };
		783A56AC2D98DAB000105F37 /* SplashView.swift */ = {isa = PBXFileReference; lastKnownFileType = sourcecode.swift; path = SplashView.swift; sourceTree = "<group>"; };
		78DD3F8D2D99E18A001C317A /* Rubik-Italic.ttf */ = {isa = PBXFileReference; lastKnownFileType = file; path = "Rubik-Italic.ttf"; sourceTree = "<group>"; };
		78DD3F8E2D99E18A001C317A /* Rubik-ExtraBold.ttf */ = {isa = PBXFileReference; lastKnownFileType = file; path = "Rubik-ExtraBold.ttf"; sourceTree = "<group>"; };
		78DD3F8F2D99E18A001C317A /* Rubik-Regular.ttf */ = {isa = PBXFileReference; lastKnownFileType = file; path = "Rubik-Regular.ttf"; sourceTree = "<group>"; };
		78DD3F902D99E18A001C317A /* Rubik-Medium.ttf */ = {isa = PBXFileReference; lastKnownFileType = file; path = "Rubik-Medium.ttf"; sourceTree = "<group>"; };
		78DD3F912D99E18A001C317A /* Rubik-ExtraBoldItalic.ttf */ = {isa = PBXFileReference; lastKnownFileType = file; path = "Rubik-ExtraBoldItalic.ttf"; sourceTree = "<group>"; };
		78DD3F922D99E18A001C317A /* Rubik-Bold.ttf */ = {isa = PBXFileReference; lastKnownFileType = file; path = "Rubik-Bold.ttf"; sourceTree = "<group>"; };
		78DD3F932D99E18A001C317A /* Rubik-BlackItalic.ttf */ = {isa = PBXFileReference; lastKnownFileType = file; path = "Rubik-BlackItalic.ttf"; sourceTree = "<group>"; };
		78DD3F942D99E18A001C317A /* Rubik-Black.ttf */ = {isa = PBXFileReference; lastKnownFileType = file; path = "Rubik-Black.ttf"; sourceTree = "<group>"; };
		78DD3F952D99E18A001C317A /* Rubik-SemiBoldItalic.ttf */ = {isa = PBXFileReference; lastKnownFileType = file; path = "Rubik-SemiBoldItalic.ttf"; sourceTree = "<group>"; };
		78DD3F962D99E18A001C317A /* Rubik-Light.ttf */ = {isa = PBXFileReference; lastKnownFileType = file; path = "Rubik-Light.ttf"; sourceTree = "<group>"; };
		78DD3F972D99E18A001C317A /* Rubik-LightItalic.ttf */ = {isa = PBXFileReference; lastKnownFileType = file; path = "Rubik-LightItalic.ttf"; sourceTree = "<group>"; };
		78DD3F982D99E18A001C317A /* Rubik-SemiBold.ttf */ = {isa = PBXFileReference; lastKnownFileType = file; path = "Rubik-SemiBold.ttf"; sourceTree = "<group>"; };
		78DD3F992D99E18A001C317A /* Rubik-BoldItalic.ttf */ = {isa = PBXFileReference; lastKnownFileType = file; path = "Rubik-BoldItalic.ttf"; sourceTree = "<group>"; };
		78DD3F9A2D99E18A001C317A /* Rubik-MediumItalic.ttf */ = {isa = PBXFileReference; lastKnownFileType = file; path = "Rubik-MediumItalic.ttf"; sourceTree = "<group>"; };
		78DD3FAA2D99E280001C317A /* Fonts.swift */ = {isa = PBXFileReference; lastKnownFileType = sourcecode.swift; path = Fonts.swift; sourceTree = "<group>"; };
		78DD3FAC2D99E761001C317A /* Info.plist */ = {isa = PBXFileReference; lastKnownFileType = text.plist; path = Info.plist; sourceTree = "<group>"; };
		78F79EEB2D99A99700FC1616 /* TipsView.swift */ = {isa = PBXFileReference; lastKnownFileType = sourcecode.swift; path = TipsView.swift; sourceTree = "<group>"; };
		78F79EED2D99AD0400FC1616 /* WelcomeView.swift */ = {isa = PBXFileReference; lastKnownFileType = sourcecode.swift; path = WelcomeView.swift; sourceTree = "<group>"; };
/* End PBXFileReference section */

/* Begin PBXFrameworksBuildPhase section */
		783A568B2D9898FE00105F37 /* Frameworks */ = {
			isa = PBXFrameworksBuildPhase;
			buildActionMask = 2147483647;
			files = (
			);
			runOnlyForDeploymentPostprocessing = 0;
		};
/* End PBXFrameworksBuildPhase section */

/* Begin PBXGroup section */
		78355CA32D99E0C5002E27FB /* Font */ = {
			isa = PBXGroup;
			children = (
				78DD3FA92D99E250001C317A /* Rubik */,
				78DD3FAA2D99E280001C317A /* Fonts.swift */,
			);
			path = Font;
			sourceTree = "<group>";
		};
		783A56852D9898FE00105F37 = {
			isa = PBXGroup;
			children = (
				783A56902D9898FE00105F37 /* NearbyApp */,
				783A568F2D9898FE00105F37 /* Products */,
			);
			sourceTree = "<group>";
		};
		783A568F2D9898FE00105F37 /* Products */ = {
			isa = PBXGroup;
			children = (
				783A568E2D9898FE00105F37 /* NearbyApp.app */,
			);
			name = Products;
			sourceTree = "<group>";
		};
		783A56902D9898FE00105F37 /* NearbyApp */ = {
			isa = PBXGroup;
			children = (
				78DD3FAC2D99E761001C317A /* Info.plist */,
				78F79EEA2D99A80000FC1616 /* Components */,
				783A56A92D98D9D600105F37 /* Views */,
				783A56A52D98D73100105F37 /* Coordinators */,
				783A56A22D98CC9700105F37 /* Resources */,
				783A56912D9898FE00105F37 /* NearbyAppApp.swift */,
				783A56932D9898FE00105F37 /* ContentView.swift */,
				783A56952D9898FF00105F37 /* Assets.xcassets */,
				783A56972D9898FF00105F37 /* Preview Content */,
			);
			path = NearbyApp;
			sourceTree = "<group>";
		};
		783A56972D9898FF00105F37 /* Preview Content */ = {
			isa = PBXGroup;
			children = (
				783A56982D9898FF00105F37 /* Preview Assets.xcassets */,
			);
			path = "Preview Content";
			sourceTree = "<group>";
		};
		783A56A22D98CC9700105F37 /* Resources */ = {
			isa = PBXGroup;
			children = (
				78355CA32D99E0C5002E27FB /* Font */,
				78F79EEF2D99DFE300FC1616 /* Color */,
			);
			path = Resources;
			sourceTree = "<group>";
		};
		783A56A52D98D73100105F37 /* Coordinators */ = {
			isa = PBXGroup;
			children = (
				783A56A62D98D87500105F37 /* AppCoordinator.swift */,
			);
			path = Coordinators;
			sourceTree = "<group>";
		};
		783A56A92D98D9D600105F37 /* Views */ = {
			isa = PBXGroup;
			children = (
				783A56AC2D98DAB000105F37 /* SplashView.swift */,
				78F79EED2D99AD0400FC1616 /* WelcomeView.swift */,
			);
			path = Views;
			sourceTree = "<group>";
		};
		78DD3FA92D99E250001C317A /* Rubik */ = {
			isa = PBXGroup;
			children = (
				78DD3F942D99E18A001C317A /* Rubik-Black.ttf */,
				78DD3F932D99E18A001C317A /* Rubik-BlackItalic.ttf */,
				78DD3F922D99E18A001C317A /* Rubik-Bold.ttf */,
				78DD3F992D99E18A001C317A /* Rubik-BoldItalic.ttf */,
				78DD3F8E2D99E18A001C317A /* Rubik-ExtraBold.ttf */,
				78DD3F912D99E18A001C317A /* Rubik-ExtraBoldItalic.ttf */,
				78DD3F8D2D99E18A001C317A /* Rubik-Italic.ttf */,
				78DD3F962D99E18A001C317A /* Rubik-Light.ttf */,
				78DD3F972D99E18A001C317A /* Rubik-LightItalic.ttf */,
				78DD3F902D99E18A001C317A /* Rubik-Medium.ttf */,
				78DD3F9A2D99E18A001C317A /* Rubik-MediumItalic.ttf */,
				78DD3F8F2D99E18A001C317A /* Rubik-Regular.ttf */,
				78DD3F982D99E18A001C317A /* Rubik-SemiBold.ttf */,
				78DD3F952D99E18A001C317A /* Rubik-SemiBoldItalic.ttf */,
			);
			path = Rubik;
			sourceTree = "<group>";
		};
		78F79EEA2D99A80000FC1616 /* Components */ = {
			isa = PBXGroup;
			children = (
				78F79EEB2D99A99700FC1616 /* TipsView.swift */,
			);
			path = Components;
			sourceTree = "<group>";
		};
		78F79EEF2D99DFE300FC1616 /* Color */ = {
			isa = PBXGroup;
			children = (
				783A56A32D98CCA500105F37 /* Colors.swift */,
			);
			path = Color;
			sourceTree = "<group>";
		};
/* End PBXGroup section */

/* Begin PBXNativeTarget section */
		783A568D2D9898FE00105F37 /* NearbyApp */ = {
			isa = PBXNativeTarget;
			buildConfigurationList = 783A569C2D9898FF00105F37 /* Build configuration list for PBXNativeTarget "NearbyApp" */;
			buildPhases = (
				783A568A2D9898FE00105F37 /* Sources */,
				783A568B2D9898FE00105F37 /* Frameworks */,
				783A568C2D9898FE00105F37 /* Resources */,
			);
			buildRules = (
			);
			dependencies = (
			);
			name = NearbyApp;
			productName = NearbyApp;
			productReference = 783A568E2D9898FE00105F37 /* NearbyApp.app */;
			productType = "com.apple.product-type.application";
		};
/* End PBXNativeTarget section */

/* Begin PBXProject section */
		783A56862D9898FE00105F37 /* Project object */ = {
			isa = PBXProject;
			attributes = {
				BuildIndependentTargetsInParallel = 1;
				LastSwiftUpdateCheck = 1520;
				LastUpgradeCheck = 1520;
				TargetAttributes = {
					783A568D2D9898FE00105F37 = {
						CreatedOnToolsVersion = 15.2;
					};
				};
			};
			buildConfigurationList = 783A56892D9898FE00105F37 /* Build configuration list for PBXProject "NearbyApp" */;
			compatibilityVersion = "Xcode 14.0";
			developmentRegion = en;
			hasScannedForEncodings = 0;
			knownRegions = (
				en,
				Base,
			);
			mainGroup = 783A56852D9898FE00105F37;
			productRefGroup = 783A568F2D9898FE00105F37 /* Products */;
			projectDirPath = "";
			projectRoot = "";
			targets = (
				783A568D2D9898FE00105F37 /* NearbyApp */,
			);
		};
/* End PBXProject section */

/* Begin PBXResourcesBuildPhase section */
		783A568C2D9898FE00105F37 /* Resources */ = {
			isa = PBXResourcesBuildPhase;
			buildActionMask = 2147483647;
			files = (
				783A56992D9898FF00105F37 /* Preview Assets.xcassets in Resources */,
				78DD3FA42D99E18A001C317A /* Rubik-Light.ttf in Resources */,
				783A56962D9898FF00105F37 /* Assets.xcassets in Resources */,
				78DD3FA82D99E18A001C317A /* Rubik-MediumItalic.ttf in Resources */,
				78DD3FA32D99E18A001C317A /* Rubik-SemiBoldItalic.ttf in Resources */,
				78DD3FA12D99E18A001C317A /* Rubik-BlackItalic.ttf in Resources */,
				78DD3F9C2D99E18A001C317A /* Rubik-ExtraBold.ttf in Resources */,
				78DD3F9E2D99E18A001C317A /* Rubik-Medium.ttf in Resources */,
				78DD3FA52D99E18A001C317A /* Rubik-LightItalic.ttf in Resources */,
				78DD3F9D2D99E18A001C317A /* Rubik-Regular.ttf in Resources */,
				78DD3FA02D99E18A001C317A /* Rubik-Bold.ttf in Resources */,
				78DD3FA72D99E18A001C317A /* Rubik-BoldItalic.ttf in Resources */,
				78DD3F9F2D99E18A001C317A /* Rubik-ExtraBoldItalic.ttf in Resources */,
				78DD3FA22D99E18A001C317A /* Rubik-Black.ttf in Resources */,
				78DD3F9B2D99E18A001C317A /* Rubik-Italic.ttf in Resources */,
				78DD3FA62D99E18A001C317A /* Rubik-SemiBold.ttf in Resources */,
			);
			runOnlyForDeploymentPostprocessing = 0;
		};
/* End PBXResourcesBuildPhase section */

/* Begin PBXSourcesBuildPhase section */
		783A568A2D9898FE00105F37 /* Sources */ = {
			isa = PBXSourcesBuildPhase;
			buildActionMask = 2147483647;
			files = (
				78DD3FAB2D99E280001C317A /* Fonts.swift in Sources */,
				78F79EEC2D99A99700FC1616 /* TipsView.swift in Sources */,
				783A56A72D98D87500105F37 /* AppCoordinator.swift in Sources */,
				783A56942D9898FE00105F37 /* ContentView.swift in Sources */,
				783A56AD2D98DAB000105F37 /* SplashView.swift in Sources */,
				783A56A42D98CCA500105F37 /* Colors.swift in Sources */,
				783A56922D9898FE00105F37 /* NearbyAppApp.swift in Sources */,
				78F79EEE2D99AD0400FC1616 /* WelcomeView.swift in Sources */,
			);
			runOnlyForDeploymentPostprocessing = 0;
		};
/* End PBXSourcesBuildPhase section */

/* Begin XCBuildConfiguration section */
		783A569A2D9898FF00105F37 /* Debug */ = {
			isa = XCBuildConfiguration;
			buildSettings = {
				ALWAYS_SEARCH_USER_PATHS = NO;
				ASSETCATALOG_COMPILER_GENERATE_SWIFT_ASSET_SYMBOL_EXTENSIONS = YES;
				CLANG_ANALYZER_NONNULL = YES;
				CLANG_ANALYZER_NUMBER_OBJECT_CONVERSION = YES_AGGRESSIVE;
				CLANG_CXX_LANGUAGE_STANDARD = "gnu++20";
				CLANG_ENABLE_MODULES = YES;
				CLANG_ENABLE_OBJC_ARC = YES;
				CLANG_ENABLE_OBJC_WEAK = YES;
				CLANG_WARN_BLOCK_CAPTURE_AUTORELEASING = YES;
				CLANG_WARN_BOOL_CONVERSION = YES;
				CLANG_WARN_COMMA = YES;
				CLANG_WARN_CONSTANT_CONVERSION = YES;
				CLANG_WARN_DEPRECATED_OBJC_IMPLEMENTATIONS = YES;
				CLANG_WARN_DIRECT_OBJC_ISA_USAGE = YES_ERROR;
				CLANG_WARN_DOCUMENTATION_COMMENTS = YES;
				CLANG_WARN_EMPTY_BODY = YES;
				CLANG_WARN_ENUM_CONVERSION = YES;
				CLANG_WARN_INFINITE_RECURSION = YES;
				CLANG_WARN_INT_CONVERSION = YES;
				CLANG_WARN_NON_LITERAL_NULL_CONVERSION = YES;
				CLANG_WARN_OBJC_IMPLICIT_RETAIN_SELF = YES;
				CLANG_WARN_OBJC_LITERAL_CONVERSION = YES;
				CLANG_WARN_OBJC_ROOT_CLASS = YES_ERROR;
				CLANG_WARN_QUOTED_INCLUDE_IN_FRAMEWORK_HEADER = YES;
				CLANG_WARN_RANGE_LOOP_ANALYSIS = YES;
				CLANG_WARN_STRICT_PROTOTYPES = YES;
				CLANG_WARN_SUSPICIOUS_MOVE = YES;
				CLANG_WARN_UNGUARDED_AVAILABILITY = YES_AGGRESSIVE;
				CLANG_WARN_UNREACHABLE_CODE = YES;
				CLANG_WARN__DUPLICATE_METHOD_MATCH = YES;
				COPY_PHASE_STRIP = NO;
				DEBUG_INFORMATION_FORMAT = dwarf;
				ENABLE_STRICT_OBJC_MSGSEND = YES;
				ENABLE_TESTABILITY = YES;
				ENABLE_USER_SCRIPT_SANDBOXING = YES;
				GCC_C_LANGUAGE_STANDARD = gnu17;
				GCC_DYNAMIC_NO_PIC = NO;
				GCC_NO_COMMON_BLOCKS = YES;
				GCC_OPTIMIZATION_LEVEL = 0;
				GCC_PREPROCESSOR_DEFINITIONS = (
					"DEBUG=1",
					"$(inherited)",
				);
				GCC_WARN_64_TO_32_BIT_CONVERSION = YES;
				GCC_WARN_ABOUT_RETURN_TYPE = YES_ERROR;
				GCC_WARN_UNDECLARED_SELECTOR = YES;
				GCC_WARN_UNINITIALIZED_AUTOS = YES_AGGRESSIVE;
				GCC_WARN_UNUSED_FUNCTION = YES;
				GCC_WARN_UNUSED_VARIABLE = YES;
				IPHONEOS_DEPLOYMENT_TARGET = 17.2;
				LOCALIZATION_PREFERS_STRING_CATALOGS = YES;
				MTL_ENABLE_DEBUG_INFO = INCLUDE_SOURCE;
				MTL_FAST_MATH = YES;
				ONLY_ACTIVE_ARCH = YES;
				SDKROOT = iphoneos;
				SWIFT_ACTIVE_COMPILATION_CONDITIONS = "DEBUG $(inherited)";
				SWIFT_OPTIMIZATION_LEVEL = "-Onone";
			};
			name = Debug;
		};
		783A569B2D9898FF00105F37 /* Release */ = {
			isa = XCBuildConfiguration;
			buildSettings = {
				ALWAYS_SEARCH_USER_PATHS = NO;
				ASSETCATALOG_COMPILER_GENERATE_SWIFT_ASSET_SYMBOL_EXTENSIONS = YES;
				CLANG_ANALYZER_NONNULL = YES;
				CLANG_ANALYZER_NUMBER_OBJECT_CONVERSION = YES_AGGRESSIVE;
				CLANG_CXX_LANGUAGE_STANDARD = "gnu++20";
				CLANG_ENABLE_MODULES = YES;
				CLANG_ENABLE_OBJC_ARC = YES;
				CLANG_ENABLE_OBJC_WEAK = YES;
				CLANG_WARN_BLOCK_CAPTURE_AUTORELEASING = YES;
				CLANG_WARN_BOOL_CONVERSION = YES;
				CLANG_WARN_COMMA = YES;
				CLANG_WARN_CONSTANT_CONVERSION = YES;
				CLANG_WARN_DEPRECATED_OBJC_IMPLEMENTATIONS = YES;
				CLANG_WARN_DIRECT_OBJC_ISA_USAGE = YES_ERROR;
				CLANG_WARN_DOCUMENTATION_COMMENTS = YES;
				CLANG_WARN_EMPTY_BODY = YES;
				CLANG_WARN_ENUM_CONVERSION = YES;
				CLANG_WARN_INFINITE_RECURSION = YES;
				CLANG_WARN_INT_CONVERSION = YES;
				CLANG_WARN_NON_LITERAL_NULL_CONVERSION = YES;
				CLANG_WARN_OBJC_IMPLICIT_RETAIN_SELF = YES;
				CLANG_WARN_OBJC_LITERAL_CONVERSION = YES;
				CLANG_WARN_OBJC_ROOT_CLASS = YES_ERROR;
				CLANG_WARN_QUOTED_INCLUDE_IN_FRAMEWORK_HEADER = YES;
				CLANG_WARN_RANGE_LOOP_ANALYSIS = YES;
				CLANG_WARN_STRICT_PROTOTYPES = YES;
				CLANG_WARN_SUSPICIOUS_MOVE = YES;
				CLANG_WARN_UNGUARDED_AVAILABILITY = YES_AGGRESSIVE;
				CLANG_WARN_UNREACHABLE_CODE = YES;
				CLANG_WARN__DUPLICATE_METHOD_MATCH = YES;
				COPY_PHASE_STRIP = NO;
				DEBUG_INFORMATION_FORMAT = "dwarf-with-dsym";
				ENABLE_NS_ASSERTIONS = NO;
				ENABLE_STRICT_OBJC_MSGSEND = YES;
				ENABLE_USER_SCRIPT_SANDBOXING = YES;
				GCC_C_LANGUAGE_STANDARD = gnu17;
				GCC_NO_COMMON_BLOCKS = YES;
				GCC_WARN_64_TO_32_BIT_CONVERSION = YES;
				GCC_WARN_ABOUT_RETURN_TYPE = YES_ERROR;
				GCC_WARN_UNDECLARED_SELECTOR = YES;
				GCC_WARN_UNINITIALIZED_AUTOS = YES_AGGRESSIVE;
				GCC_WARN_UNUSED_FUNCTION = YES;
				GCC_WARN_UNUSED_VARIABLE = YES;
				IPHONEOS_DEPLOYMENT_TARGET = 17.2;
				LOCALIZATION_PREFERS_STRING_CATALOGS = YES;
				MTL_ENABLE_DEBUG_INFO = NO;
				MTL_FAST_MATH = YES;
				SDKROOT = iphoneos;
				SWIFT_COMPILATION_MODE = wholemodule;
				VALIDATE_PRODUCT = YES;
			};
			name = Release;
		};
		783A569D2D9898FF00105F37 /* Debug */ = {
			isa = XCBuildConfiguration;
			buildSettings = {
				ASSETCATALOG_COMPILER_APPICON_NAME = AppIcon;
				ASSETCATALOG_COMPILER_GLOBAL_ACCENT_COLOR_NAME = AccentColor;
				CODE_SIGN_STYLE = Automatic;
				CURRENT_PROJECT_VERSION = 1;
				DEVELOPMENT_ASSET_PATHS = "\"NearbyApp/Preview Content\"";
				DEVELOPMENT_TEAM = 85WDH3DD6Y;
				ENABLE_PREVIEWS = YES;
				GENERATE_INFOPLIST_FILE = YES;
				INFOPLIST_FILE = NearbyApp/Info.plist;
				INFOPLIST_KEY_UIApplicationSceneManifest_Generation = YES;
				INFOPLIST_KEY_UIApplicationSupportsIndirectInputEvents = YES;
				INFOPLIST_KEY_UILaunchScreen_Generation = YES;
				INFOPLIST_KEY_UISupportedInterfaceOrientations_iPad = "UIInterfaceOrientationPortrait UIInterfaceOrientationPortraitUpsideDown UIInterfaceOrientationLandscapeLeft UIInterfaceOrientationLandscapeRight";
				INFOPLIST_KEY_UISupportedInterfaceOrientations_iPhone = "UIInterfaceOrientationPortrait UIInterfaceOrientationLandscapeLeft UIInterfaceOrientationLandscapeRight";
				LD_RUNPATH_SEARCH_PATHS = (
					"$(inherited)",
					"@executable_path/Frameworks",
				);
				MARKETING_VERSION = 1.0;
				PRODUCT_BUNDLE_IDENTIFIER = com.NearbyApp;
				PRODUCT_NAME = "$(TARGET_NAME)";
				SWIFT_EMIT_LOC_STRINGS = YES;
				SWIFT_VERSION = 5.0;
				TARGETED_DEVICE_FAMILY = "1,2";
			};
			name = Debug;
		};
		783A569E2D9898FF00105F37 /* Release */ = {
			isa = XCBuildConfiguration;
			buildSettings = {
				ASSETCATALOG_COMPILER_APPICON_NAME = AppIcon;
				ASSETCATALOG_COMPILER_GLOBAL_ACCENT_COLOR_NAME = AccentColor;
				CODE_SIGN_STYLE = Automatic;
				CURRENT_PROJECT_VERSION = 1;
				DEVELOPMENT_ASSET_PATHS = "\"NearbyApp/Preview Content\"";
				DEVELOPMENT_TEAM = 85WDH3DD6Y;
				ENABLE_PREVIEWS = YES;
				GENERATE_INFOPLIST_FILE = YES;
				INFOPLIST_FILE = NearbyApp/Info.plist;
				INFOPLIST_KEY_UIApplicationSceneManifest_Generation = YES;
				INFOPLIST_KEY_UIApplicationSupportsIndirectInputEvents = YES;
				INFOPLIST_KEY_UILaunchScreen_Generation = YES;
				INFOPLIST_KEY_UISupportedInterfaceOrientations_iPad = "UIInterfaceOrientationPortrait UIInterfaceOrientationPortraitUpsideDown UIInterfaceOrientationLandscapeLeft UIInterfaceOrientationLandscapeRight";
				INFOPLIST_KEY_UISupportedInterfaceOrientations_iPhone = "UIInterfaceOrientationPortrait UIInterfaceOrientationLandscapeLeft UIInterfaceOrientationLandscapeRight";
				LD_RUNPATH_SEARCH_PATHS = (
					"$(inherited)",
					"@executable_path/Frameworks",
				);
				MARKETING_VERSION = 1.0;
				PRODUCT_BUNDLE_IDENTIFIER = com.NearbyApp;
				PRODUCT_NAME = "$(TARGET_NAME)";
				SWIFT_EMIT_LOC_STRINGS = YES;
				SWIFT_VERSION = 5.0;
				TARGETED_DEVICE_FAMILY = "1,2";
			};
			name = Release;
		};
/* End XCBuildConfiguration section */

/* Begin XCConfigurationList section */
		783A56892D9898FE00105F37 /* Build configuration list for PBXProject "NearbyApp" */ = {
			isa = XCConfigurationList;
			buildConfigurations = (
				783A569A2D9898FF00105F37 /* Debug */,
				783A569B2D9898FF00105F37 /* Release */,
			);
			defaultConfigurationIsVisible = 0;
			defaultConfigurationName = Release;
		};
		783A569C2D9898FF00105F37 /* Build configuration list for PBXNativeTarget "NearbyApp" */ = {
			isa = XCConfigurationList;
			buildConfigurations = (
				783A569D2D9898FF00105F37 /* Debug */,
				783A569E2D9898FF00105F37 /* Release */,
			);
			defaultConfigurationIsVisible = 0;
			defaultConfigurationName = Release;
		};
/* End XCConfigurationList section */
	};
	rootObject = 783A56862D9898FE00105F37 /* Project object */;
}
